// !$*UTF8*$!
{
	archiveVersion = 1;
	classes = {
	};
	objectVersion = 77;
	objects = {

/* Begin PBXBuildFile section */
		24A5AEFA867BCDCD6A5875E2 /* BrowserManager.swift in Sources */ = {isa = PBXBuildFile; fileRef = 6B592D62C1E160C17E461769 /* BrowserManager.swift */; };
		295310D52D1DDF6E6FBE201F /* WebView.swift in Sources */ = {isa = PBXBuildFile; fileRef = 464A5A4C8DDBDB596A29C8E6 /* WebView.swift */; };
		5800A16D55EA4714CBC5E956 /* LightBrowserTests.swift in Sources */ = {isa = PBXBuildFile; fileRef = 4DE9B7461A7A4CC8E1E4E772 /* LightBrowserTests.swift */; };
		790310435DCDF36D0D86FF19 /* ContentView.swift in Sources */ = {isa = PBXBuildFile; fileRef = 9B35FD9BF1260EEB33D7678F /* ContentView.swift */; };
		8F8D205991ED9C54CE1E788F /* LightBrowserApp.swift in Sources */ = {isa = PBXBuildFile; fileRef = 9234090B0CEE16462188522A /* LightBrowserApp.swift */; };
		9913A37254C88777A0366BB6 /* BottomToolbarView.swift in Sources */ = {isa = PBXBuildFile; fileRef = A73DCF6E0005BD2FDB9F3430 /* BottomToolbarView.swift */; };
		A50A25EFB2ACCB38C8BFC1AC /* URLBarView.swift in Sources */ = {isa = PBXBuildFile; fileRef = D46DD11C2A177811671AFD92 /* URLBarView.swift */; };
		CE8099829AFA62FE49EE4FAC /* TabsView.swift in Sources */ = {isa = PBXBuildFile; fileRef = 9F904814868B30E9F52B81F9 /* TabsView.swift */; };
		F92FDF96A9DDD236EE2D2E64 /* SettingsView.swift in Sources */ = {isa = PBXBuildFile; fileRef = 8CC7FF329AE10F44A857B059 /* SettingsView.swift */; };
/* End PBXBuildFile section */

/* Begin PBXContainerItemProxy section */
		388D42199A0800294B35A624 /* PBXContainerItemProxy */ = {
			isa = PBXContainerItemProxy;
			containerPortal = B040218745C3B2195EF84C2D /* Project object */;
			proxyType = 1;
			remoteGlobalIDString = 0ECDA05C339F96269F7FB45D;
			remoteInfo = DioBrowser;
		};
/* End PBXContainerItemProxy section */

/* Begin PBXFileReference section */
		464A5A4C8DDBDB596A29C8E6 /* WebView.swift */ = {isa = PBXFileReference; lastKnownFileType = sourcecode.swift; path = WebView.swift; sourceTree = "<group>"; };
		4DE9B7461A7A4CC8E1E4E772 /* LightBrowserTests.swift */ = {isa = PBXFileReference; lastKnownFileType = sourcecode.swift; path = LightBrowserTests.swift; sourceTree = "<group>"; };
		6B592D62C1E160C17E461769 /* BrowserManager.swift */ = {isa = PBXFileReference; lastKnownFileType = sourcecode.swift; path = BrowserManager.swift; sourceTree = "<group>"; };
		6BEC76C85FAE30D37CBF5256 /* DioBrowserTests.xctest */ = {isa = PBXFileReference; includeInIndex = 0; lastKnownFileType = wrapper.cfbundle; path = DioBrowserTests.xctest; sourceTree = BUILT_PRODUCTS_DIR; };
		8496651C032CD2A5D45B8B4B /* DioBrowser.app */ = {isa = PBXFileReference; includeInIndex = 0; lastKnownFileType = wrapper.application; path = DioBrowser.app; sourceTree = BUILT_PRODUCTS_DIR; };
		8CC7FF329AE10F44A857B059 /* SettingsView.swift */ = {isa = PBXFileReference; lastKnownFileType = sourcecode.swift; path = SettingsView.swift; sourceTree = "<group>"; };
		9234090B0CEE16462188522A /* LightBrowserApp.swift */ = {isa = PBXFileReference; lastKnownFileType = sourcecode.swift; path = LightBrowserApp.swift; sourceTree = "<group>"; };
		9B35FD9BF1260EEB33D7678F /* ContentView.swift */ = {isa = PBXFileReference; lastKnownFileType = sourcecode.swift; path = ContentView.swift; sourceTree = "<group>"; };
		9F904814868B30E9F52B81F9 /* TabsView.swift */ = {isa = PBXFileReference; lastKnownFileType = sourcecode.swift; path = TabsView.swift; sourceTree = "<group>"; };
		A73DCF6E0005BD2FDB9F3430 /* BottomToolbarView.swift */ = {isa = PBXFileReference; lastKnownFileType = sourcecode.swift; path = BottomToolbarView.swift; sourceTree = "<group>"; };
		D46DD11C2A177811671AFD92 /* URLBarView.swift */ = {isa = PBXFileReference; lastKnownFileType = sourcecode.swift; path = URLBarView.swift; sourceTree = "<group>"; };
/* End PBXFileReference section */

/* Begin PBXGroup section */
		073729909EBA38CF2AC6E127 /* Browser */ = {
			isa = PBXGroup;
			children = (
				A73DCF6E0005BD2FDB9F3430 /* BottomToolbarView.swift */,
				6B592D62C1E160C17E461769 /* BrowserManager.swift */,
				9F904814868B30E9F52B81F9 /* TabsView.swift */,
				D46DD11C2A177811671AFD92 /* URLBarView.swift */,
				464A5A4C8DDBDB596A29C8E6 /* WebView.swift */,
			);
			path = Browser;
			sourceTree = "<group>";
		};
		166829C61925746FFC9DD68A /* Tests */ = {
			isa = PBXGroup;
			children = (
				4DE9B7461A7A4CC8E1E4E772 /* LightBrowserTests.swift */,
			);
			path = Tests;
			sourceTree = "<group>";
		};
		538F813AB8A2E2A2F52EE174 /* Products */ = {
			isa = PBXGroup;
			children = (
				8496651C032CD2A5D45B8B4B /* DioBrowser.app */,
				6BEC76C85FAE30D37CBF5256 /* DioBrowserTests.xctest */,
			);
			name = Products;
			sourceTree = "<group>";
		};
		838BD8384C7BF537FEBDCFA6 /* Models */ = {
			isa = PBXGroup;
			children = (
			);
			path = Models;
			sourceTree = "<group>";
		};
		A64EFA85C99688598CC95C42 = {
			isa = PBXGroup;
			children = (
				BF3C3D00584C4393A022BB70 /* Sources */,
				166829C61925746FFC9DD68A /* Tests */,
				538F813AB8A2E2A2F52EE174 /* Products */,
			);
			sourceTree = "<group>";
		};
		BF3C3D00584C4393A022BB70 /* Sources */ = {
			isa = PBXGroup;
			children = (
				FEF8AA51A5071EF180A592A4 /* App */,
				073729909EBA38CF2AC6E127 /* Browser */,
				838BD8384C7BF537FEBDCFA6 /* Models */,
			);
			path = Sources;
			sourceTree = "<group>";
		};
		FEF8AA51A5071EF180A592A4 /* App */ = {
			isa = PBXGroup;
			children = (
				9B35FD9BF1260EEB33D7678F /* ContentView.swift */,
				9234090B0CEE16462188522A /* LightBrowserApp.swift */,
				8CC7FF329AE10F44A857B059 /* SettingsView.swift */,
			);
			path = App;
			sourceTree = "<group>";
		};
/* End PBXGroup section */

/* Begin PBXNativeTarget section */
		0ECDA05C339F96269F7FB45D /* DioBrowser */ = {
			isa = PBXNativeTarget;
			buildConfigurationList = 51AB8F7F55ECB3C77009E6A1 /* Build configuration list for PBXNativeTarget "DioBrowser" */;
			buildPhases = (
				CEDF6DD79C625C354E39CAAF /* Sources */,
			);
			buildRules = (
			);
			dependencies = (
			);
			name = DioBrowser;
			packageProductDependencies = (
			);
			productName = DioBrowser;
			productReference = 8496651C032CD2A5D45B8B4B /* DioBrowser.app */;
			productType = "com.apple.product-type.application";
		};
		FE1E514052F263D75C825FEF /* DioBrowserTests */ = {
			isa = PBXNativeTarget;
			buildConfigurationList = 6C9879AE6BBB6D96BAB1092C /* Build configuration list for PBXNativeTarget "DioBrowserTests" */;
			buildPhases = (
				019D9CDC2242D7FD4FBDF2B3 /* Sources */,
			);
			buildRules = (
			);
			dependencies = (
				17A079B0F7AAA6B634227C04 /* PBXTargetDependency */,
			);
			name = DioBrowserTests;
			packageProductDependencies = (
			);
			productName = DioBrowserTests;
			productReference = 6BEC76C85FAE30D37CBF5256 /* DioBrowserTests.xctest */;
			productType = "com.apple.product-type.bundle.unit-test";
		};
/* End PBXNativeTarget section */

/* Begin PBXProject section */
		B040218745C3B2195EF84C2D /* Project object */ = {
			isa = PBXProject;
			attributes = {
				BuildIndependentTargetsInParallel = YES;
				LastUpgradeCheck = 1500;
				TargetAttributes = {
					0ECDA05C339F96269F7FB45D = {
						DevelopmentTeam = "";
						ProvisioningStyle = Automatic;
					};
					FE1E514052F263D75C825FEF = {
						DevelopmentTeam = "";
						ProvisioningStyle = Automatic;
					};
				};
			};
			buildConfigurationList = 29B44DC7A0D37CD288DEE407 /* Build configuration list for PBXProject "DioBrowser" */;
			compatibilityVersion = "Xcode 14.0";
			developmentRegion = en;
			hasScannedForEncodings = 0;
			knownRegions = (
				Base,
				en,
			);
			mainGroup = A64EFA85C99688598CC95C42;
			minimizedProjectReferenceProxies = 1;
			preferredProjectObjectVersion = 77;
			projectDirPath = "";
			projectRoot = "";
			targets = (
				0ECDA05C339F96269F7FB45D /* DioBrowser */,
				FE1E514052F263D75C825FEF /* DioBrowserTests */,
			);
		};
/* End PBXProject section */

/* Begin PBXSourcesBuildPhase section */
		019D9CDC2242D7FD4FBDF2B3 /* Sources */ = {
			isa = PBXSourcesBuildPhase;
			buildActionMask = 2147483647;
			files = (
				5800A16D55EA4714CBC5E956 /* LightBrowserTests.swift in Sources */,
			);
			runOnlyForDeploymentPostprocessing = 0;
		};
		CEDF6DD79C625C354E39CAAF /* Sources */ = {
			isa = PBXSourcesBuildPhase;
			buildActionMask = 2147483647;
			files = (
				9913A37254C88777A0366BB6 /* BottomToolbarView.swift in Sources */,
				24A5AEFA867BCDCD6A5875E2 /* BrowserManager.swift in Sources */,
				790310435DCDF36D0D86FF19 /* ContentView.swift in Sources */,
				8F8D205991ED9C54CE1E788F /* LightBrowserApp.swift in Sources */,
				F92FDF96A9DDD236EE2D2E64 /* SettingsView.swift in Sources */,
				CE8099829AFA62FE49EE4FAC /* TabsView.swift in Sources */,
				A50A25EFB2ACCB38C8BFC1AC /* URLBarView.swift in Sources */,
				295310D52D1DDF6E6FBE201F /* WebView.swift in Sources */,
			);
			runOnlyForDeploymentPostprocessing = 0;
		};
/* End PBXSourcesBuildPhase section */

/* Begin PBXTargetDependency section */
		17A079B0F7AAA6B634227C04 /* PBXTargetDependency */ = {
			isa = PBXTargetDependency;
			target = 0ECDA05C339F96269F7FB45D /* DioBrowser */;
			targetProxy = 388D42199A0800294B35A624 /* PBXContainerItemProxy */;
		};
/* End PBXTargetDependency section */

/* Begin XCBuildConfiguration section */
		173547CD54EA726D05D8A872 /* Debug */ = {
			isa = XCBuildConfiguration;
			buildSettings = {
				ALWAYS_SEARCH_USER_PATHS = NO;
				CLANG_ANALYZER_NONNULL = YES;
				CLANG_ANALYZER_NUMBER_OBJECT_CONVERSION = YES_AGGRESSIVE;
				CLANG_CXX_LANGUAGE_STANDARD = "gnu++14";
				CLANG_CXX_LIBRARY = "libc++";
				CLANG_ENABLE_MODULES = YES;
				CLANG_ENABLE_OBJC_ARC = YES;
				CLANG_ENABLE_OBJC_WEAK = YES;
				CLANG_WARN_BLOCK_CAPTURE_AUTORELEASING = YES;
				CLANG_WARN_BOOL_CONVERSION = YES;
				CLANG_WARN_COMMA = YES;
				CLANG_WARN_CONSTANT_CONVERSION = YES;
				CLANG_WARN_DEPRECATED_OBJC_IMPLEMENTATIONS = YES;
				CLANG_WARN_DIRECT_OBJC_ISA_USAGE = YES_ERROR;
				CLANG_WARN_DOCUMENTATION_COMMENTS = YES;
				CLANG_WARN_EMPTY_BODY = YES;
				CLANG_WARN_ENUM_CONVERSION = YES;
				CLANG_WARN_INFINITE_RECURSION = YES;
				CLANG_WARN_INT_CONVERSION = YES;
				CLANG_WARN_NON_LITERAL_NULL_CONVERSION = YES;
				CLANG_WARN_OBJC_IMPLICIT_RETAIN_SELF = YES;
				CLANG_WARN_OBJC_LITERAL_CONVERSION = YES;
				CLANG_WARN_OBJC_ROOT_CLASS = YES_ERROR;
				CLANG_WARN_QUOTED_INCLUDE_IN_FRAMEWORK_HEADER = YES;
				CLANG_WARN_RANGE_LOOP_ANALYSIS = YES;
				CLANG_WARN_STRICT_PROTOTYPES = YES;
				CLANG_WARN_SUSPICIOUS_MOVE = YES;
				CLANG_WARN_UNGUARDED_AVAILABILITY = YES_AGGRESSIVE;
				CLANG_WARN_UNREACHABLE_CODE = YES;
				CLANG_WARN__DUPLICATE_METHOD_MATCH = YES;
				CODE_SIGN_STYLE = Automatic;
				COPY_PHASE_STRIP = NO;
				CURRENT_PROJECT_VERSION = 1;
				DEBUG_INFORMATION_FORMAT = dwarf;
				DEVELOPMENT_TEAM = "";
				ENABLE_STRICT_OBJC_MSGSEND = YES;
				ENABLE_TESTABILITY = YES;
				GCC_C_LANGUAGE_STANDARD = gnu11;
				GCC_DYNAMIC_NO_PIC = NO;
				GCC_NO_COMMON_BLOCKS = YES;
				GCC_OPTIMIZATION_LEVEL = 0;
				GCC_PREPROCESSOR_DEFINITIONS = (
					"$(inherited)",
					"DEBUG=1",
				);
				GCC_WARN_64_TO_32_BIT_CONVERSION = YES;
				GCC_WARN_ABOUT_RETURN_TYPE = YES_ERROR;
				GCC_WARN_UNDECLARED_SELECTOR = YES;
				GCC_WARN_UNINITIALIZED_AUTOS = YES_AGGRESSIVE;
				GCC_WARN_UNUSED_FUNCTION = YES;
				GCC_WARN_UNUSED_VARIABLE = YES;
				IPHONEOS_DEPLOYMENT_TARGET = 18.0;
				MARKETING_VERSION = 1.0.0;
				MTL_ENABLE_DEBUG_INFO = INCLUDE_SOURCE;
				MTL_FAST_MATH = YES;
				ONLY_ACTIVE_ARCH = YES;
				PRODUCT_NAME = "$(TARGET_NAME)";
				SDKROOT = iphoneos;
				SWIFT_ACTIVE_COMPILATION_CONDITIONS = DEBUG;
				SWIFT_OPTIMIZATION_LEVEL = "-Onone";
				SWIFT_VERSION = 5.9;
			};
			name = Debug;
		};
		296FE8B6EC86616F1895D9DE /* Release */ = {
			isa = XCBuildConfiguration;
			buildSettings = {
				BUNDLE_LOADER = "$(TEST_HOST)";
				GENERATE_INFOPLIST_FILE = YES;
				LD_RUNPATH_SEARCH_PATHS = (
					"$(inherited)",
					"@executable_path/Frameworks",
					"@loader_path/Frameworks",
				);
				PRODUCT_BUNDLE_IDENTIFIER = com.lightbrowser.DioBrowserTests;
				SDKROOT = iphoneos;
				TARGETED_DEVICE_FAMILY = "1,2";
				TEST_HOST = "$(BUILT_PRODUCTS_DIR)/DioBrowser.app/$(BUNDLE_EXECUTABLE_FOLDER_PATH)/DioBrowser";
			};
			name = Release;
		};
		3A84AA7DC4E950F7E011F3D1 /* Release */ = {
			isa = XCBuildConfiguration;
			buildSettings = {
				ASSETCATALOG_COMPILER_APPICON_NAME = AppIcon;
				CODE_SIGN_ENTITLEMENTS = Resources/DioBrowser.entitlements;
				CODE_SIGN_IDENTITY = "iPhone Developer";
				ENABLE_PREVIEWS = YES;
				GENERATE_INFOPLIST_FILE = NO;
				INFOPLIST_FILE = Resources/Info.plist;
				LD_RUNPATH_SEARCH_PATHS = (
					"$(inherited)",
					"@executable_path/Frameworks",
				);
				PRODUCT_BUNDLE_IDENTIFIER = com.lightbrowser.app;
				SDKROOT = iphoneos;
				SWIFT_EMIT_LOC_STRINGS = YES;
				TARGETED_DEVICE_FAMILY = "1,2";
			};
			name = Release;
		};
		80DCFD1867917A2C06E9B98F /* Debug */ = {
			isa = XCBuildConfiguration;
			buildSettings = {
				BUNDLE_LOADER = "$(TEST_HOST)";
				GENERATE_INFOPLIST_FILE = YES;
				LD_RUNPATH_SEARCH_PATHS = (
					"$(inherited)",
					"@executable_path/Frameworks",
					"@loader_path/Frameworks",
				);
				PRODUCT_BUNDLE_IDENTIFIER = com.lightbrowser.DioBrowserTests;
				SDKROOT = iphoneos;
				TARGETED_DEVICE_FAMILY = "1,2";
				TEST_HOST = "$(BUILT_PRODUCTS_DIR)/DioBrowser.app/$(BUNDLE_EXECUTABLE_FOLDER_PATH)/DioBrowser";
			};
			name = Debug;
		};
		A1F5AD5B1DFA9E400A4CBA51 /* Release */ = {
			isa = XCBuildConfiguration;
			buildSettings = {
				ALWAYS_SEARCH_USER_PATHS = NO;
				CLANG_ANALYZER_NONNULL = YES;
				CLANG_ANALYZER_NUMBER_OBJECT_CONVERSION = YES_AGGRESSIVE;
				CLANG_CXX_LANGUAGE_STANDARD = "gnu++14";
				CLANG_CXX_LIBRARY = "libc++";
				CLANG_ENABLE_MODULES = YES;
				CLANG_ENABLE_OBJC_ARC = YES;
				CLANG_ENABLE_OBJC_WEAK = YES;
				CLANG_WARN_BLOCK_CAPTURE_AUTORELEASING = YES;
				CLANG_WARN_BOOL_CONVERSION = YES;
				CLANG_WARN_COMMA = YES;
				CLANG_WARN_CONSTANT_CONVERSION = YES;
				CLANG_WARN_DEPRECATED_OBJC_IMPLEMENTATIONS = YES;
				CLANG_WARN_DIRECT_OBJC_ISA_USAGE = YES_ERROR;
				CLANG_WARN_DOCUMENTATION_COMMENTS = YES;
				CLANG_WARN_EMPTY_BODY = YES;
				CLANG_WARN_ENUM_CONVERSION = YES;
				CLANG_WARN_INFINITE_RECURSION = YES;
				CLANG_WARN_INT_CONVERSION = YES;
				CLANG_WARN_NON_LITERAL_NULL_CONVERSION = YES;
				CLANG_WARN_OBJC_IMPLICIT_RETAIN_SELF = YES;
				CLANG_WARN_OBJC_LITERAL_CONVERSION = YES;
				CLANG_WARN_OBJC_ROOT_CLASS = YES_ERROR;
				CLANG_WARN_QUOTED_INCLUDE_IN_FRAMEWORK_HEADER = YES;
				CLANG_WARN_RANGE_LOOP_ANALYSIS = YES;
				CLANG_WARN_STRICT_PROTOTYPES = YES;
				CLANG_WARN_SUSPICIOUS_MOVE = YES;
				CLANG_WARN_UNGUARDED_AVAILABILITY = YES_AGGRESSIVE;
				CLANG_WARN_UNREACHABLE_CODE = YES;
				CLANG_WARN__DUPLICATE_METHOD_MATCH = YES;
				CODE_SIGN_STYLE = Automatic;
				COPY_PHASE_STRIP = NO;
				CURRENT_PROJECT_VERSION = 1;
				DEBUG_INFORMATION_FORMAT = "dwarf-with-dsym";
				DEVELOPMENT_TEAM = "";
				ENABLE_NS_ASSERTIONS = NO;
				ENABLE_STRICT_OBJC_MSGSEND = YES;
				GCC_C_LANGUAGE_STANDARD = gnu11;
				GCC_NO_COMMON_BLOCKS = YES;
				GCC_WARN_64_TO_32_BIT_CONVERSION = YES;
				GCC_WARN_ABOUT_RETURN_TYPE = YES_ERROR;
				GCC_WARN_UNDECLARED_SELECTOR = YES;
				GCC_WARN_UNINITIALIZED_AUTOS = YES_AGGRESSIVE;
				GCC_WARN_UNUSED_FUNCTION = YES;
				GCC_WARN_UNUSED_VARIABLE = YES;
				IPHONEOS_DEPLOYMENT_TARGET = 18.0;
				MARKETING_VERSION = 1.0.0;
				MTL_ENABLE_DEBUG_INFO = NO;
				MTL_FAST_MATH = YES;
				PRODUCT_NAME = "$(TARGET_NAME)";
				SDKROOT = iphoneos;
				SWIFT_COMPILATION_MODE = wholemodule;
				SWIFT_OPTIMIZATION_LEVEL = "-O";
				SWIFT_VERSION = 5.9;
			};
			name = Release;
		};
		E9CCCC6335BE2C8083155F91 /* Debug */ = {
			isa = XCBuildConfiguration;
			buildSettings = {
				ASSETCATALOG_COMPILER_APPICON_NAME = AppIcon;
				CODE_SIGN_ENTITLEMENTS = Resources/DioBrowser.entitlements;
				CODE_SIGN_IDENTITY = "iPhone Developer";
				ENABLE_PREVIEWS = YES;
				GENERATE_INFOPLIST_FILE = NO;
				INFOPLIST_FILE = Resources/Info.plist;
				LD_RUNPATH_SEARCH_PATHS = (
					"$(inherited)",
					"@executable_path/Frameworks",
				);
				PRODUCT_BUNDLE_IDENTIFIER = com.lightbrowser.app;
				SDKROOT = iphoneos;
				SWIFT_EMIT_LOC_STRINGS = YES;
				TARGETED_DEVICE_FAMILY = "1,2";
			};
			name = Debug;
		};
/* End XCBuildConfiguration section */

/* Begin XCConfigurationList section */
		29B44DC7A0D37CD288DEE407 /* Build configuration list for PBXProject "DioBrowser" */ = {
			isa = XCConfigurationList;
			buildConfigurations = (
				173547CD54EA726D05D8A872 /* Debug */,
				A1F5AD5B1DFA9E400A4CBA51 /* Release */,
			);
			defaultConfigurationIsVisible = 0;
			defaultConfigurationName = Debug;
		};
		51AB8F7F55ECB3C77009E6A1 /* Build configuration list for PBXNativeTarget "DioBrowser" */ = {
			isa = XCConfigurationList;
			buildConfigurations = (
				E9CCCC6335BE2C8083155F91 /* Debug */,
				3A84AA7DC4E950F7E011F3D1 /* Release */,
			);
			defaultConfigurationIsVisible = 0;
			defaultConfigurationName = Debug;
		};
		6C9879AE6BBB6D96BAB1092C /* Build configuration list for PBXNativeTarget "DioBrowserTests" */ = {
			isa = XCConfigurationList;
			buildConfigurations = (
				80DCFD1867917A2C06E9B98F /* Debug */,
				296FE8B6EC86616F1895D9DE /* Release */,
			);
			defaultConfigurationIsVisible = 0;
			defaultConfigurationName = Debug;
		};
/* End XCConfigurationList section */
	};
	rootObject = B040218745C3B2195EF84C2D /* Project object */;
}
